// !$*UTF8*$!
{
	archiveVersion = 1;
	classes = {
	};
	objectVersion = 46;
	objects = {

/* Begin PBXBuildFile section */
		070066F21B87B39900C11714 /* LoginViewController.swift in Sources */ = {isa = PBXBuildFile; fileRef = 070066F11B87B39900C11714 /* LoginViewController.swift */; };
		0732B88C1AAA58DD008DEF25 /* AddMatchInteractor.swift in Sources */ = {isa = PBXBuildFile; fileRef = 2FA28E2DABA82D66751AF956 /* AddMatchInteractor.swift */; };
		073F06121AB308780098654F /* AddMatchView.swift in Sources */ = {isa = PBXBuildFile; fileRef = 073F06101AB3082E0098654F /* AddMatchView.swift */; };
		0743777F1ACF3BC100A63678 /* HTTPClient.swift in Sources */ = {isa = PBXBuildFile; fileRef = 0743777E1ACF3BC100A63678 /* HTTPClient.swift */; };
		0743778E1ACF517100A63678 /* AsynchronousHTTPClient.swift in Sources */ = {isa = PBXBuildFile; fileRef = 0743778D1ACF517100A63678 /* AsynchronousHTTPClient.swift */; };
		075397071AAA46EB000655A5 /* AddMatchViewController.swift in Sources */ = {isa = PBXBuildFile; fileRef = 075397061AAA46EB000655A5 /* AddMatchViewController.swift */; };
		0758E5641BACAEE200C60EA8 /* Session.swift in Sources */ = {isa = PBXBuildFile; fileRef = 0758E5631BACAEE200C60EA8 /* Session.swift */; };
		0773CBF61B90EC1900276AB5 /* DefaultAuthenticator.swift in Sources */ = {isa = PBXBuildFile; fileRef = 0773CBF51B90EC1900276AB5 /* DefaultAuthenticator.swift */; };
		0773CBFC1B90F1C900276AB5 /* AuthenticationInteractor.swift in Sources */ = {isa = PBXBuildFile; fileRef = 0773CBFB1B90F1C900276AB5 /* AuthenticationInteractor.swift */; };
		0773CBFE1B90F9C300276AB5 /* AuthenticationView.swift in Sources */ = {isa = PBXBuildFile; fileRef = 0773CBFD1B90F9C300276AB5 /* AuthenticationView.swift */; };
		07CBE7BD1AA104FE00228BE9 /* AppDelegate.swift in Sources */ = {isa = PBXBuildFile; fileRef = 07CBE7BC1AA104FE00228BE9 /* AppDelegate.swift */; };
		2FA2802F86513A15296F3055 /* PostBody.swift in Sources */ = {isa = PBXBuildFile; fileRef = 2FA28CFC86B8A9C1D807D730 /* PostBody.swift */; };
		2FA280C3C24151CE29A63B46 /* DefaultAddMatchInteractor.swift in Sources */ = {isa = PBXBuildFile; fileRef = 2FA28CAEE60C8C5936B01266 /* DefaultAddMatchInteractor.swift */; };
		2FA289ABEDF006F8432BD429 /* PostBodySpec.swift in Sources */ = {isa = PBXBuildFile; fileRef = 2FA28123A7B9D037288C2B75 /* PostBodySpec.swift */; };
		6C4E1CA51AA60C9E0099DE4C /* LaunchScreen.xib in Resources */ = {isa = PBXBuildFile; fileRef = 6C4E1CA11AA60C9E0099DE4C /* LaunchScreen.xib */; };
		6C4E1CAB1AA60D560099DE4C /* QueueView.swift in Sources */ = {isa = PBXBuildFile; fileRef = 6C4E1CA81AA60D560099DE4C /* QueueView.swift */; };
		6C4E1CAC1AA60D560099DE4C /* APIManagedQueue.swift in Sources */ = {isa = PBXBuildFile; fileRef = 6C4E1CA91AA60D560099DE4C /* APIManagedQueue.swift */; };
		6C4E1CAD1AA60D560099DE4C /* ShowQueueViewController.swift in Sources */ = {isa = PBXBuildFile; fileRef = 6C4E1CAA1AA60D560099DE4C /* ShowQueueViewController.swift */; };
		6C4E1CB01AA60DA60099DE4C /* Main.storyboard in Resources */ = {isa = PBXBuildFile; fileRef = 6C4E1CAE1AA60DA60099DE4C /* Main.storyboard */; };
		6CD021F11AB377EA00E5C44D /* SlamAPI.swift in Sources */ = {isa = PBXBuildFile; fileRef = 6CD021F01AB377EA00E5C44D /* SlamAPI.swift */; };
		6CE7C8211AB5FCB9007698F0 /* Match.swift in Sources */ = {isa = PBXBuildFile; fileRef = 6CE7C8201AB5FCB9007698F0 /* Match.swift */; };
		6EFAEF2C1D9EEFEE0064CBCC /* MockUITableView.swift in Sources */ = {isa = PBXBuildFile; fileRef = 6C6C2FC61ABCBC4D005DCC0A /* MockUITableView.swift */; };
		6EFAEF2D1D9EF0350064CBCC /* MockQueueView.swift in Sources */ = {isa = PBXBuildFile; fileRef = 6C60C1C51AB70E1A00E8ED5E /* MockQueueView.swift */; };
		6EFAEF2E1D9EF0660064CBCC /* MockQueueManager.swift in Sources */ = {isa = PBXBuildFile; fileRef = FF70414C1AF40D1500AAACF0 /* MockQueueManager.swift */; };
		6EFAEF2F1D9EF0AC0064CBCC /* MockSlamAPI.swift in Sources */ = {isa = PBXBuildFile; fileRef = 6CD021ED1AB3778200E5C44D /* MockSlamAPI.swift */; };
		6EFAEF301D9EF0C10064CBCC /* MockHTTPClient.swift in Sources */ = {isa = PBXBuildFile; fileRef = 074377901ACF53F900A63678 /* MockHTTPClient.swift */; };
		6EFAEF311D9EF0F00064CBCC /* LoginViewControllerSpec.swift in Sources */ = {isa = PBXBuildFile; fileRef = 070066EF1B87B35C00C11714 /* LoginViewControllerSpec.swift */; };
		6EFAEF321D9EF14D0064CBCC /* DefaultAuthenticatorSpec.swift in Sources */ = {isa = PBXBuildFile; fileRef = 0773CBF81B90F15300276AB5 /* DefaultAuthenticatorSpec.swift */; };
		6EFAEF331D9EF17F0064CBCC /* AsynchronousHTTPClientSpec.swift in Sources */ = {isa = PBXBuildFile; fileRef = 2FA284073CE57B2309329F65 /* AsynchronousHTTPClientSpec.swift */; };
		6EFAEF341D9EF2100064CBCC /* MatchSpec.swift in Sources */ = {isa = PBXBuildFile; fileRef = 6CE7C8311AB609A7007698F0 /* MatchSpec.swift */; };
		6EFAEF351D9EF2220064CBCC /* SlamAPISpec.swift in Sources */ = {isa = PBXBuildFile; fileRef = 6CD021F31AB379A100E5C44D /* SlamAPISpec.swift */; };
		6EFAEF361D9EF7930064CBCC /* AddMatchViewControllerSpec.swift in Sources */ = {isa = PBXBuildFile; fileRef = 07327B301AAA51A800F27545 /* AddMatchViewControllerSpec.swift */; };
		6EFAEF371D9EF81E0064CBCC /* MockAddMatchInteractor.swift in Sources */ = {isa = PBXBuildFile; fileRef = 2FA28F87589F36D89DA68BC1 /* MockAddMatchInteractor.swift */; };
		6EFAEF381D9EF86C0064CBCC /* DefaultAddMatchInteractorSpec.swift in Sources */ = {isa = PBXBuildFile; fileRef = 2FA28615D2BA509BD39EAA86 /* DefaultAddMatchInteractorSpec.swift */; };
		6EFAEF391D9EF8870064CBCC /* MockAddMatchView.swift in Sources */ = {isa = PBXBuildFile; fileRef = 073B10571AB30DCA00D922A2 /* MockAddMatchView.swift */; };
		6EFAEF3A1D9EF8990064CBCC /* ShowQueueViewControllerSpec.swift in Sources */ = {isa = PBXBuildFile; fileRef = 6C4E1CB51AA60E2A0099DE4C /* ShowQueueViewControllerSpec.swift */; };
		6EFAEF3B1D9EF8C50064CBCC /* APIManagedQueueSpec.swift in Sources */ = {isa = PBXBuildFile; fileRef = 6C4E1CB31AA60E2A0099DE4C /* APIManagedQueueSpec.swift */; };
		6EFAEF3C1D9EF8DB0064CBCC /* QueueViewSpec.swift in Sources */ = {isa = PBXBuildFile; fileRef = 6C4E1CB41AA60E2A0099DE4C /* QueueViewSpec.swift */; };
		874EDFAC1EB785FF4FCAF682 /* Pods_SlamTests.framework in Frameworks */ = {isa = PBXBuildFile; fileRef = 156E4A4B815866452FF7E87D /* Pods_SlamTests.framework */; };
		FF7041431AF403A800AAACF0 /* QueueManagerProtocol.swift in Sources */ = {isa = PBXBuildFile; fileRef = FF7041421AF403A800AAACF0 /* QueueManagerProtocol.swift */; };
/* End PBXBuildFile section */

/* Begin PBXContainerItemProxy section */
		07460EDE1AD1677D004933C0 /* PBXContainerItemProxy */ = {
			isa = PBXContainerItemProxy;
			containerPortal = 07CBE7AF1AA104FE00228BE9 /* Project object */;
			proxyType = 1;
			remoteGlobalIDString = 07CBE7B61AA104FE00228BE9;
			remoteInfo = Slam;
		};
/* End PBXContainerItemProxy section */

/* Begin PBXCopyFilesBuildPhase section */
		075EC99B1AD0E26A0034239C /* Copy Frameworks */ = {
			isa = PBXCopyFilesBuildPhase;
			buildActionMask = 2147483647;
			dstPath = "";
			dstSubfolderSpec = 10;
			files = (
			);
			name = "Copy Frameworks";
			runOnlyForDeploymentPostprocessing = 0;
		};
/* End PBXCopyFilesBuildPhase section */

/* Begin PBXFileReference section */
		070066EF1B87B35C00C11714 /* LoginViewControllerSpec.swift */ = {isa = PBXFileReference; fileEncoding = 4; lastKnownFileType = sourcecode.swift; path = LoginViewControllerSpec.swift; sourceTree = "<group>"; };
		070066F11B87B39900C11714 /* LoginViewController.swift */ = {isa = PBXFileReference; fileEncoding = 4; lastKnownFileType = sourcecode.swift; path = LoginViewController.swift; sourceTree = "<group>"; };
		07327B301AAA51A800F27545 /* AddMatchViewControllerSpec.swift */ = {isa = PBXFileReference; fileEncoding = 4; lastKnownFileType = sourcecode.swift; path = AddMatchViewControllerSpec.swift; sourceTree = "<group>"; };
		073B10571AB30DCA00D922A2 /* MockAddMatchView.swift */ = {isa = PBXFileReference; fileEncoding = 4; lastKnownFileType = sourcecode.swift; path = MockAddMatchView.swift; sourceTree = "<group>"; };
		073F06101AB3082E0098654F /* AddMatchView.swift */ = {isa = PBXFileReference; fileEncoding = 4; lastKnownFileType = sourcecode.swift; path = AddMatchView.swift; sourceTree = "<group>"; };
		0743777E1ACF3BC100A63678 /* HTTPClient.swift */ = {isa = PBXFileReference; fileEncoding = 4; lastKnownFileType = sourcecode.swift; path = HTTPClient.swift; sourceTree = "<group>"; };
		0743778D1ACF517100A63678 /* AsynchronousHTTPClient.swift */ = {isa = PBXFileReference; fileEncoding = 4; lastKnownFileType = sourcecode.swift; path = AsynchronousHTTPClient.swift; sourceTree = "<group>"; };
		074377901ACF53F900A63678 /* MockHTTPClient.swift */ = {isa = PBXFileReference; fileEncoding = 4; lastKnownFileType = sourcecode.swift; path = MockHTTPClient.swift; sourceTree = "<group>"; };
		075397061AAA46EB000655A5 /* AddMatchViewController.swift */ = {isa = PBXFileReference; fileEncoding = 4; lastKnownFileType = sourcecode.swift; path = AddMatchViewController.swift; sourceTree = "<group>"; };
		0758E5631BACAEE200C60EA8 /* Session.swift */ = {isa = PBXFileReference; fileEncoding = 4; lastKnownFileType = sourcecode.swift; path = Session.swift; sourceTree = "<group>"; };
		0773CBF51B90EC1900276AB5 /* DefaultAuthenticator.swift */ = {isa = PBXFileReference; fileEncoding = 4; lastKnownFileType = sourcecode.swift; path = DefaultAuthenticator.swift; sourceTree = "<group>"; };
		0773CBF81B90F15300276AB5 /* DefaultAuthenticatorSpec.swift */ = {isa = PBXFileReference; fileEncoding = 4; lastKnownFileType = sourcecode.swift; path = DefaultAuthenticatorSpec.swift; sourceTree = "<group>"; };
		0773CBFB1B90F1C900276AB5 /* AuthenticationInteractor.swift */ = {isa = PBXFileReference; fileEncoding = 4; lastKnownFileType = sourcecode.swift; path = AuthenticationInteractor.swift; sourceTree = "<group>"; };
		0773CBFD1B90F9C300276AB5 /* AuthenticationView.swift */ = {isa = PBXFileReference; fileEncoding = 4; lastKnownFileType = sourcecode.swift; path = AuthenticationView.swift; sourceTree = "<group>"; };
		07CBE7B71AA104FE00228BE9 /* Slam.app */ = {isa = PBXFileReference; explicitFileType = wrapper.application; includeInIndex = 0; path = Slam.app; sourceTree = BUILT_PRODUCTS_DIR; };
		07CBE7BB1AA104FE00228BE9 /* Info.plist */ = {isa = PBXFileReference; lastKnownFileType = text.plist.xml; path = Info.plist; sourceTree = "<group>"; };
		07CBE7BC1AA104FE00228BE9 /* AppDelegate.swift */ = {isa = PBXFileReference; lastKnownFileType = sourcecode.swift; path = AppDelegate.swift; sourceTree = "<group>"; };
		07CBE7CC1AA104FE00228BE9 /* SlamTests.xctest */ = {isa = PBXFileReference; explicitFileType = wrapper.cfbundle; includeInIndex = 0; path = SlamTests.xctest; sourceTree = BUILT_PRODUCTS_DIR; };
		07CBE7D11AA104FE00228BE9 /* Info.plist */ = {isa = PBXFileReference; lastKnownFileType = text.plist.xml; path = Info.plist; sourceTree = "<group>"; };
		156E4A4B815866452FF7E87D /* Pods_SlamTests.framework */ = {isa = PBXFileReference; explicitFileType = wrapper.framework; includeInIndex = 0; path = Pods_SlamTests.framework; sourceTree = BUILT_PRODUCTS_DIR; };
		2FA28123A7B9D037288C2B75 /* PostBodySpec.swift */ = {isa = PBXFileReference; fileEncoding = 4; lastKnownFileType = sourcecode.swift; path = PostBodySpec.swift; sourceTree = "<group>"; };
		2FA284073CE57B2309329F65 /* AsynchronousHTTPClientSpec.swift */ = {isa = PBXFileReference; fileEncoding = 4; lastKnownFileType = sourcecode.swift; path = AsynchronousHTTPClientSpec.swift; sourceTree = "<group>"; };
		2FA28615D2BA509BD39EAA86 /* DefaultAddMatchInteractorSpec.swift */ = {isa = PBXFileReference; fileEncoding = 4; lastKnownFileType = sourcecode.swift; path = DefaultAddMatchInteractorSpec.swift; sourceTree = "<group>"; };
		2FA28CAEE60C8C5936B01266 /* DefaultAddMatchInteractor.swift */ = {isa = PBXFileReference; fileEncoding = 4; lastKnownFileType = sourcecode.swift; path = DefaultAddMatchInteractor.swift; sourceTree = "<group>"; };
		2FA28CFC86B8A9C1D807D730 /* PostBody.swift */ = {isa = PBXFileReference; fileEncoding = 4; lastKnownFileType = sourcecode.swift; path = PostBody.swift; sourceTree = "<group>"; };
		2FA28E2DABA82D66751AF956 /* AddMatchInteractor.swift */ = {isa = PBXFileReference; fileEncoding = 4; lastKnownFileType = sourcecode.swift; path = AddMatchInteractor.swift; sourceTree = "<group>"; };
		2FA28F87589F36D89DA68BC1 /* MockAddMatchInteractor.swift */ = {isa = PBXFileReference; fileEncoding = 4; lastKnownFileType = sourcecode.swift; path = MockAddMatchInteractor.swift; sourceTree = "<group>"; };
		307A67E207764DB829D3BD73 /* Pods-SlamTests.debug.xcconfig */ = {isa = PBXFileReference; includeInIndex = 1; lastKnownFileType = text.xcconfig; name = "Pods-SlamTests.debug.xcconfig"; path = "Pods/Target Support Files/Pods-SlamTests/Pods-SlamTests.debug.xcconfig"; sourceTree = "<group>"; };
		6C4E1CA21AA60C9E0099DE4C /* Base */ = {isa = PBXFileReference; lastKnownFileType = file.xib; name = Base; path = LaunchScreen.xib; sourceTree = "<group>"; };
		6C4E1CA81AA60D560099DE4C /* QueueView.swift */ = {isa = PBXFileReference; fileEncoding = 4; lastKnownFileType = sourcecode.swift; path = QueueView.swift; sourceTree = "<group>"; };
		6C4E1CA91AA60D560099DE4C /* APIManagedQueue.swift */ = {isa = PBXFileReference; fileEncoding = 4; lastKnownFileType = sourcecode.swift; path = APIManagedQueue.swift; sourceTree = "<group>"; };
		6C4E1CAA1AA60D560099DE4C /* ShowQueueViewController.swift */ = {isa = PBXFileReference; fileEncoding = 4; lastKnownFileType = sourcecode.swift; name = ShowQueueViewController.swift; path = ../ShowQueueViewController.swift; sourceTree = "<group>"; };
		6C4E1CAF1AA60DA60099DE4C /* Base */ = {isa = PBXFileReference; lastKnownFileType = file.storyboard; name = Base; path = Main.storyboard; sourceTree = "<group>"; };
		6C4E1CB31AA60E2A0099DE4C /* APIManagedQueueSpec.swift */ = {isa = PBXFileReference; fileEncoding = 4; lastKnownFileType = sourcecode.swift; path = APIManagedQueueSpec.swift; sourceTree = "<group>"; };
		6C4E1CB41AA60E2A0099DE4C /* QueueViewSpec.swift */ = {isa = PBXFileReference; fileEncoding = 4; lastKnownFileType = sourcecode.swift; path = QueueViewSpec.swift; sourceTree = "<group>"; };
		6C4E1CB51AA60E2A0099DE4C /* ShowQueueViewControllerSpec.swift */ = {isa = PBXFileReference; fileEncoding = 4; lastKnownFileType = sourcecode.swift; name = ShowQueueViewControllerSpec.swift; path = ../ShowQueueViewControllerSpec.swift; sourceTree = "<group>"; };
		6C60C1C51AB70E1A00E8ED5E /* MockQueueView.swift */ = {isa = PBXFileReference; fileEncoding = 4; lastKnownFileType = sourcecode.swift; path = MockQueueView.swift; sourceTree = "<group>"; };
		6C6C2FC61ABCBC4D005DCC0A /* MockUITableView.swift */ = {isa = PBXFileReference; fileEncoding = 4; lastKnownFileType = sourcecode.swift; path = MockUITableView.swift; sourceTree = "<group>"; };
		6CD021ED1AB3778200E5C44D /* MockSlamAPI.swift */ = {isa = PBXFileReference; fileEncoding = 4; lastKnownFileType = sourcecode.swift; path = MockSlamAPI.swift; sourceTree = "<group>"; };
		6CD021F01AB377EA00E5C44D /* SlamAPI.swift */ = {isa = PBXFileReference; fileEncoding = 4; lastKnownFileType = sourcecode.swift; path = SlamAPI.swift; sourceTree = "<group>"; };
		6CD021F31AB379A100E5C44D /* SlamAPISpec.swift */ = {isa = PBXFileReference; fileEncoding = 4; lastKnownFileType = sourcecode.swift; path = SlamAPISpec.swift; sourceTree = "<group>"; };
		6CE7C8201AB5FCB9007698F0 /* Match.swift */ = {isa = PBXFileReference; fileEncoding = 4; lastKnownFileType = sourcecode.swift; path = Match.swift; sourceTree = "<group>"; };
		6CE7C8311AB609A7007698F0 /* MatchSpec.swift */ = {isa = PBXFileReference; fileEncoding = 4; lastKnownFileType = sourcecode.swift; path = MatchSpec.swift; sourceTree = "<group>"; };
		77C6A7C866D64FC9EA6E9399 /* Pods-SlamTests.release.xcconfig */ = {isa = PBXFileReference; includeInIndex = 1; lastKnownFileType = text.xcconfig; name = "Pods-SlamTests.release.xcconfig"; path = "Pods/Target Support Files/Pods-SlamTests/Pods-SlamTests.release.xcconfig"; sourceTree = "<group>"; };
		FF7041421AF403A800AAACF0 /* QueueManagerProtocol.swift */ = {isa = PBXFileReference; fileEncoding = 4; lastKnownFileType = sourcecode.swift; path = QueueManagerProtocol.swift; sourceTree = "<group>"; };
		FF70414C1AF40D1500AAACF0 /* MockQueueManager.swift */ = {isa = PBXFileReference; fileEncoding = 4; lastKnownFileType = sourcecode.swift; path = MockQueueManager.swift; sourceTree = "<group>"; };
/* End PBXFileReference section */

/* Begin PBXFrameworksBuildPhase section */
		07CBE7B41AA104FE00228BE9 /* Frameworks */ = {
			isa = PBXFrameworksBuildPhase;
			buildActionMask = 2147483647;
			files = (
			);
			runOnlyForDeploymentPostprocessing = 0;
		};
		07CBE7C91AA104FE00228BE9 /* Frameworks */ = {
			isa = PBXFrameworksBuildPhase;
			buildActionMask = 2147483647;
			files = (
				874EDFAC1EB785FF4FCAF682 /* Pods_SlamTests.framework in Frameworks */,
			);
			runOnlyForDeploymentPostprocessing = 0;
		};
/* End PBXFrameworksBuildPhase section */

/* Begin PBXGroup section */
		0773CBF71B90F13600276AB5 /* AttemptLogin */ = {
			isa = PBXGroup;
			children = (
				070066EF1B87B35C00C11714 /* LoginViewControllerSpec.swift */,
				0773CBF81B90F15300276AB5 /* DefaultAuthenticatorSpec.swift */,
			);
			name = AttemptLogin;
			sourceTree = "<group>";
		};
		0773CBFA1B90F19A00276AB5 /* AttemptLogin */ = {
			isa = PBXGroup;
			children = (
				070066F11B87B39900C11714 /* LoginViewController.swift */,
				0773CBFB1B90F1C900276AB5 /* AuthenticationInteractor.swift */,
				0773CBF51B90EC1900276AB5 /* DefaultAuthenticator.swift */,
				0773CBFD1B90F9C300276AB5 /* AuthenticationView.swift */,
			);
			name = AttemptLogin;
			sourceTree = "<group>";
		};
		077D55321AAFA8BF0036A7DC /* AddMatchToQueue */ = {
			isa = PBXGroup;
			children = (
				07327B301AAA51A800F27545 /* AddMatchViewControllerSpec.swift */,
				2FA28F87589F36D89DA68BC1 /* MockAddMatchInteractor.swift */,
				2FA28615D2BA509BD39EAA86 /* DefaultAddMatchInteractorSpec.swift */,
				073B10571AB30DCA00D922A2 /* MockAddMatchView.swift */,
			);
			name = AddMatchToQueue;
			sourceTree = "<group>";
		};
		077D553D1AAFA8DD0036A7DC /* AddMatchToQueue */ = {
			isa = PBXGroup;
			children = (
				075397061AAA46EB000655A5 /* AddMatchViewController.swift */,
				2FA28E2DABA82D66751AF956 /* AddMatchInteractor.swift */,
				2FA28CAEE60C8C5936B01266 /* DefaultAddMatchInteractor.swift */,
				073F06101AB3082E0098654F /* AddMatchView.swift */,
			);
			name = AddMatchToQueue;
			sourceTree = "<group>";
		};
		07BF01AD1AFCF19800FF4BC0 /* HTTP */ = {
			isa = PBXGroup;
			children = (
				0743778D1ACF517100A63678 /* AsynchronousHTTPClient.swift */,
				0743777E1ACF3BC100A63678 /* HTTPClient.swift */,
				2FA28CFC86B8A9C1D807D730 /* PostBody.swift */,
			);
			name = HTTP;
			sourceTree = "<group>";
		};
		07BF01B61AFCF1B600FF4BC0 /* HTTP */ = {
			isa = PBXGroup;
			children = (
				2FA284073CE57B2309329F65 /* AsynchronousHTTPClientSpec.swift */,
				2FA28123A7B9D037288C2B75 /* PostBodySpec.swift */,
			);
			name = HTTP;
			sourceTree = "<group>";
		};
		07CBE7AE1AA104FE00228BE9 = {
			isa = PBXGroup;
			children = (
				07CBE7B91AA104FE00228BE9 /* Slam */,
				07CBE7CF1AA104FE00228BE9 /* SlamTests */,
				07CBE7B81AA104FE00228BE9 /* Products */,
				24A1BBD5F7BEE6325D4730A6 /* Pods */,
				E6D4F0CDBFAFA1555B0E8D90 /* Frameworks */,
			);
			sourceTree = "<group>";
		};
		07CBE7B81AA104FE00228BE9 /* Products */ = {
			isa = PBXGroup;
			children = (
				07CBE7B71AA104FE00228BE9 /* Slam.app */,
				07CBE7CC1AA104FE00228BE9 /* SlamTests.xctest */,
			);
			name = Products;
			sourceTree = "<group>";
		};
		07CBE7B91AA104FE00228BE9 /* Slam */ = {
			isa = PBXGroup;
			children = (
				07BF01AD1AFCF19800FF4BC0 /* HTTP */,
				6CE7C81F1AB5FCAE007698F0 /* Matches */,
				6CD021EF1AB377DC00E5C44D /* API */,
				077D553D1AAFA8DD0036A7DC /* AddMatchToQueue */,
				6C4E1CA71AA60D560099DE4C /* ShowQueue */,
				07CBE7BC1AA104FE00228BE9 /* AppDelegate.swift */,
				07CBE7BA1AA104FE00228BE9 /* Supporting Files */,
				0773CBFA1B90F19A00276AB5 /* AttemptLogin */,
			);
			path = Slam;
			sourceTree = "<group>";
		};
		07CBE7BA1AA104FE00228BE9 /* Supporting Files */ = {
			isa = PBXGroup;
			children = (
				6C4E1CA01AA60C9E0099DE4C /* Base.lproj */,
				07CBE7BB1AA104FE00228BE9 /* Info.plist */,
			);
			name = "Supporting Files";
			sourceTree = "<group>";
		};
		07CBE7CF1AA104FE00228BE9 /* SlamTests */ = {
			isa = PBXGroup;
			children = (
				6CD021DD1AB376D100E5C44D /* Mocks */,
				6C4E1CB11AA60E2A0099DE4C /* Slam */,
				07CBE7D01AA104FE00228BE9 /* Supporting Files */,
			);
			path = SlamTests;
			sourceTree = "<group>";
		};
		07CBE7D01AA104FE00228BE9 /* Supporting Files */ = {
			isa = PBXGroup;
			children = (
				07CBE7D11AA104FE00228BE9 /* Info.plist */,
			);
			name = "Supporting Files";
			sourceTree = "<group>";
		};
		24A1BBD5F7BEE6325D4730A6 /* Pods */ = {
			isa = PBXGroup;
			children = (
				307A67E207764DB829D3BD73 /* Pods-SlamTests.debug.xcconfig */,
				77C6A7C866D64FC9EA6E9399 /* Pods-SlamTests.release.xcconfig */,
			);
			name = Pods;
			sourceTree = "<group>";
		};
		6C4E1CA01AA60C9E0099DE4C /* Base.lproj */ = {
			isa = PBXGroup;
			children = (
				6C4E1CAE1AA60DA60099DE4C /* Main.storyboard */,
				6C4E1CA11AA60C9E0099DE4C /* LaunchScreen.xib */,
			);
			name = Base.lproj;
			path = "Supporting Files/Base.lproj";
			sourceTree = "<group>";
		};
		6C4E1CA71AA60D560099DE4C /* ShowQueue */ = {
			isa = PBXGroup;
			children = (
				6C4E1CAA1AA60D560099DE4C /* ShowQueueViewController.swift */,
				6C4E1CA81AA60D560099DE4C /* QueueView.swift */,
				6C4E1CA91AA60D560099DE4C /* APIManagedQueue.swift */,
				FF7041421AF403A800AAACF0 /* QueueManagerProtocol.swift */,
			);
			name = ShowQueue;
			path = Queue;
			sourceTree = "<group>";
		};
		6C4E1CB11AA60E2A0099DE4C /* Slam */ = {
			isa = PBXGroup;
			children = (
				0773CBF71B90F13600276AB5 /* AttemptLogin */,
				07BF01B61AFCF1B600FF4BC0 /* HTTP */,
				6CE7C8261AB6099C007698F0 /* Matches */,
				6CD021F21AB3798900E5C44D /* API */,
				077D55321AAFA8BF0036A7DC /* AddMatchToQueue */,
				6C4E1CB21AA60E2A0099DE4C /* ShowQueue */,
			);
			path = Slam;
			sourceTree = "<group>";
		};
		6C4E1CB21AA60E2A0099DE4C /* ShowQueue */ = {
			isa = PBXGroup;
			children = (
				6C4E1CB51AA60E2A0099DE4C /* ShowQueueViewControllerSpec.swift */,
				6C4E1CB31AA60E2A0099DE4C /* APIManagedQueueSpec.swift */,
				6C4E1CB41AA60E2A0099DE4C /* QueueViewSpec.swift */,
			);
			name = ShowQueue;
			path = Queue;
			sourceTree = "<group>";
		};
		6C60C1BA1AB70E0300E8ED5E /* ShowQueue */ = {
			isa = PBXGroup;
			children = (
				6C60C1C51AB70E1A00E8ED5E /* MockQueueView.swift */,
				FF70414C1AF40D1500AAACF0 /* MockQueueManager.swift */,
			);
			name = ShowQueue;
			sourceTree = "<group>";
		};
		6C60C1C71AB7132B00E8ED5E /* UIKit */ = {
			isa = PBXGroup;
			children = (
				6C6C2FC61ABCBC4D005DCC0A /* MockUITableView.swift */,
			);
			name = UIKit;
			sourceTree = "<group>";
		};
		6CD021DD1AB376D100E5C44D /* Mocks */ = {
			isa = PBXGroup;
			children = (
				6C60C1C71AB7132B00E8ED5E /* UIKit */,
				6CD021EB1AB3775800E5C44D /* Slam */,
				6CD021E81AB3770200E5C44D /* Foundation */,
			);
			name = Mocks;
			sourceTree = "<group>";
		};
		6CD021E81AB3770200E5C44D /* Foundation */ = {
			isa = PBXGroup;
			children = (
			);
			name = Foundation;
			sourceTree = "<group>";
		};
		6CD021EB1AB3775800E5C44D /* Slam */ = {
			isa = PBXGroup;
			children = (
				6C60C1BA1AB70E0300E8ED5E /* ShowQueue */,
				6CD021EC1AB3776700E5C44D /* API */,
			);
			name = Slam;
			sourceTree = "<group>";
		};
		6CD021EC1AB3776700E5C44D /* API */ = {
			isa = PBXGroup;
			children = (
				6CD021ED1AB3778200E5C44D /* MockSlamAPI.swift */,
				074377901ACF53F900A63678 /* MockHTTPClient.swift */,
			);
			name = API;
			sourceTree = "<group>";
		};
		6CD021EF1AB377DC00E5C44D /* API */ = {
			isa = PBXGroup;
			children = (
				6CD021F01AB377EA00E5C44D /* SlamAPI.swift */,
				0758E5631BACAEE200C60EA8 /* Session.swift */,
			);
			name = API;
			sourceTree = "<group>";
		};
		6CD021F21AB3798900E5C44D /* API */ = {
			isa = PBXGroup;
			children = (
				6CD021F31AB379A100E5C44D /* SlamAPISpec.swift */,
			);
			name = API;
			sourceTree = "<group>";
		};
		6CE7C81F1AB5FCAE007698F0 /* Matches */ = {
			isa = PBXGroup;
			children = (
				6CE7C8201AB5FCB9007698F0 /* Match.swift */,
			);
			name = Matches;
			sourceTree = "<group>";
		};
		6CE7C8261AB6099C007698F0 /* Matches */ = {
			isa = PBXGroup;
			children = (
				6CE7C8311AB609A7007698F0 /* MatchSpec.swift */,
			);
			name = Matches;
			sourceTree = "<group>";
		};
		E6D4F0CDBFAFA1555B0E8D90 /* Frameworks */ = {
			isa = PBXGroup;
			children = (
				156E4A4B815866452FF7E87D /* Pods_SlamTests.framework */,
			);
			name = Frameworks;
			sourceTree = "<group>";
		};
/* End PBXGroup section */

/* Begin PBXNativeTarget section */
		07CBE7B61AA104FE00228BE9 /* Slam */ = {
			isa = PBXNativeTarget;
			buildConfigurationList = 07CBE7D61AA104FE00228BE9 /* Build configuration list for PBXNativeTarget "Slam" */;
			buildPhases = (
				07CBE7B31AA104FE00228BE9 /* Sources */,
				07CBE7B41AA104FE00228BE9 /* Frameworks */,
				07CBE7B51AA104FE00228BE9 /* Resources */,
			);
			buildRules = (
			);
			dependencies = (
			);
			name = Slam;
			productName = Slam;
			productReference = 07CBE7B71AA104FE00228BE9 /* Slam.app */;
			productType = "com.apple.product-type.application";
		};
		07CBE7CB1AA104FE00228BE9 /* SlamTests */ = {
			isa = PBXNativeTarget;
			buildConfigurationList = 07CBE7D91AA104FE00228BE9 /* Build configuration list for PBXNativeTarget "SlamTests" */;
			buildPhases = (
				47F8185B2B58AF75769A2DAC /* [CP] Check Pods Manifest.lock */,
				075EC99B1AD0E26A0034239C /* Copy Frameworks */,
				07CBE7C81AA104FE00228BE9 /* Sources */,
				07CBE7C91AA104FE00228BE9 /* Frameworks */,
				07CBE7CA1AA104FE00228BE9 /* Resources */,
				839469D1676FE34320E82234 /* [CP] Embed Pods Frameworks */,
				81F7CDA4BAEA380CAE81A35B /* [CP] Copy Pods Resources */,
			);
			buildRules = (
			);
			dependencies = (
				07460EDF1AD1677D004933C0 /* PBXTargetDependency */,
			);
			name = SlamTests;
			productName = SlamTests;
			productReference = 07CBE7CC1AA104FE00228BE9 /* SlamTests.xctest */;
			productType = "com.apple.product-type.bundle.unit-test";
		};
/* End PBXNativeTarget section */

/* Begin PBXProject section */
		07CBE7AF1AA104FE00228BE9 /* Project object */ = {
			isa = PBXProject;
			attributes = {
				LastSwiftMigration = 0700;
				LastSwiftUpdateCheck = 0700;
				LastUpgradeCheck = 0800;
				ORGANIZATIONNAME = "8th Light";
				TargetAttributes = {
					07CBE7B61AA104FE00228BE9 = {
						CreatedOnToolsVersion = 6.1.1;
						LastSwiftMigration = 0800;
					};
					07CBE7CB1AA104FE00228BE9 = {
						CreatedOnToolsVersion = 6.1.1;
						LastSwiftMigration = 0800;
						TestTargetID = 07CBE7B61AA104FE00228BE9;
					};
				};
			};
			buildConfigurationList = 07CBE7B21AA104FE00228BE9 /* Build configuration list for PBXProject "Slam" */;
			compatibilityVersion = "Xcode 3.2";
			developmentRegion = English;
			hasScannedForEncodings = 0;
			knownRegions = (
				en,
				Base,
			);
			mainGroup = 07CBE7AE1AA104FE00228BE9;
			productRefGroup = 07CBE7B81AA104FE00228BE9 /* Products */;
			projectDirPath = "";
			projectRoot = "";
			targets = (
				07CBE7B61AA104FE00228BE9 /* Slam */,
				07CBE7CB1AA104FE00228BE9 /* SlamTests */,
			);
		};
/* End PBXProject section */

/* Begin PBXResourcesBuildPhase section */
		07CBE7B51AA104FE00228BE9 /* Resources */ = {
			isa = PBXResourcesBuildPhase;
			buildActionMask = 2147483647;
			files = (
				6C4E1CA51AA60C9E0099DE4C /* LaunchScreen.xib in Resources */,
				6C4E1CB01AA60DA60099DE4C /* Main.storyboard in Resources */,
			);
			runOnlyForDeploymentPostprocessing = 0;
		};
		07CBE7CA1AA104FE00228BE9 /* Resources */ = {
			isa = PBXResourcesBuildPhase;
			buildActionMask = 2147483647;
			files = (
			);
			runOnlyForDeploymentPostprocessing = 0;
		};
/* End PBXResourcesBuildPhase section */

/* Begin PBXShellScriptBuildPhase section */
		47F8185B2B58AF75769A2DAC /* [CP] Check Pods Manifest.lock */ = {
			isa = PBXShellScriptBuildPhase;
			buildActionMask = 2147483647;
			files = (
			);
			inputPaths = (
			);
			name = "[CP] Check Pods Manifest.lock";
			outputPaths = (
			);
			runOnlyForDeploymentPostprocessing = 0;
			shellPath = /bin/sh;
			shellScript = "diff \"${PODS_ROOT}/../Podfile.lock\" \"${PODS_ROOT}/Manifest.lock\" > /dev/null\nif [ $? != 0 ] ; then\n    # print error to STDERR\n    echo \"error: The sandbox is not in sync with the Podfile.lock. Run 'pod install' or update your CocoaPods installation.\" >&2\n    exit 1\nfi\n";
			showEnvVarsInLog = 0;
		};
		81F7CDA4BAEA380CAE81A35B /* [CP] Copy Pods Resources */ = {
			isa = PBXShellScriptBuildPhase;
			buildActionMask = 2147483647;
			files = (
			);
			inputPaths = (
			);
			name = "[CP] Copy Pods Resources";
			outputPaths = (
			);
			runOnlyForDeploymentPostprocessing = 0;
			shellPath = /bin/sh;
			shellScript = "\"${SRCROOT}/Pods/Target Support Files/Pods-SlamTests/Pods-SlamTests-resources.sh\"\n";
			showEnvVarsInLog = 0;
		};
		839469D1676FE34320E82234 /* [CP] Embed Pods Frameworks */ = {
			isa = PBXShellScriptBuildPhase;
			buildActionMask = 2147483647;
			files = (
			);
			inputPaths = (
			);
			name = "[CP] Embed Pods Frameworks";
			outputPaths = (
			);
			runOnlyForDeploymentPostprocessing = 0;
			shellPath = /bin/sh;
			shellScript = "\"${SRCROOT}/Pods/Target Support Files/Pods-SlamTests/Pods-SlamTests-frameworks.sh\"\n";
			showEnvVarsInLog = 0;
		};
/* End PBXShellScriptBuildPhase section */

/* Begin PBXSourcesBuildPhase section */
		07CBE7B31AA104FE00228BE9 /* Sources */ = {
			isa = PBXSourcesBuildPhase;
			buildActionMask = 2147483647;
			files = (
				6CD021F11AB377EA00E5C44D /* SlamAPI.swift in Sources */,
				0732B88C1AAA58DD008DEF25 /* AddMatchInteractor.swift in Sources */,
				6C4E1CAC1AA60D560099DE4C /* APIManagedQueue.swift in Sources */,
				FF7041431AF403A800AAACF0 /* QueueManagerProtocol.swift in Sources */,
				070066F21B87B39900C11714 /* LoginViewController.swift in Sources */,
				0773CBF61B90EC1900276AB5 /* DefaultAuthenticator.swift in Sources */,
				0758E5641BACAEE200C60EA8 /* Session.swift in Sources */,
				6CE7C8211AB5FCB9007698F0 /* Match.swift in Sources */,
				6C4E1CAD1AA60D560099DE4C /* ShowQueueViewController.swift in Sources */,
				075397071AAA46EB000655A5 /* AddMatchViewController.swift in Sources */,
				0743777F1ACF3BC100A63678 /* HTTPClient.swift in Sources */,
				07CBE7BD1AA104FE00228BE9 /* AppDelegate.swift in Sources */,
				0773CBFE1B90F9C300276AB5 /* AuthenticationView.swift in Sources */,
				0773CBFC1B90F1C900276AB5 /* AuthenticationInteractor.swift in Sources */,
				6C4E1CAB1AA60D560099DE4C /* QueueView.swift in Sources */,
				073F06121AB308780098654F /* AddMatchView.swift in Sources */,
				0743778E1ACF517100A63678 /* AsynchronousHTTPClient.swift in Sources */,
				2FA280C3C24151CE29A63B46 /* DefaultAddMatchInteractor.swift in Sources */,
				2FA2802F86513A15296F3055 /* PostBody.swift in Sources */,
			);
			runOnlyForDeploymentPostprocessing = 0;
		};
		07CBE7C81AA104FE00228BE9 /* Sources */ = {
			isa = PBXSourcesBuildPhase;
			buildActionMask = 2147483647;
			files = (
				2FA289ABEDF006F8432BD429 /* PostBodySpec.swift in Sources */,
				6EFAEF371D9EF81E0064CBCC /* MockAddMatchInteractor.swift in Sources */,
				6EFAEF2D1D9EF0350064CBCC /* MockQueueView.swift in Sources */,
				6EFAEF361D9EF7930064CBCC /* AddMatchViewControllerSpec.swift in Sources */,
				6EFAEF3B1D9EF8C50064CBCC /* APIManagedQueueSpec.swift in Sources */,
				6EFAEF3A1D9EF8990064CBCC /* ShowQueueViewControllerSpec.swift in Sources */,
				6EFAEF301D9EF0C10064CBCC /* MockHTTPClient.swift in Sources */,
				6EFAEF331D9EF17F0064CBCC /* AsynchronousHTTPClientSpec.swift in Sources */,
				6EFAEF341D9EF2100064CBCC /* MatchSpec.swift in Sources */,
				6EFAEF351D9EF2220064CBCC /* SlamAPISpec.swift in Sources */,
				6EFAEF311D9EF0F00064CBCC /* LoginViewControllerSpec.swift in Sources */,
				6EFAEF3C1D9EF8DB0064CBCC /* QueueViewSpec.swift in Sources */,
				6EFAEF321D9EF14D0064CBCC /* DefaultAuthenticatorSpec.swift in Sources */,
				6EFAEF2F1D9EF0AC0064CBCC /* MockSlamAPI.swift in Sources */,
				6EFAEF381D9EF86C0064CBCC /* DefaultAddMatchInteractorSpec.swift in Sources */,
				6EFAEF2C1D9EEFEE0064CBCC /* MockUITableView.swift in Sources */,
				6EFAEF2E1D9EF0660064CBCC /* MockQueueManager.swift in Sources */,
				6EFAEF391D9EF8870064CBCC /* MockAddMatchView.swift in Sources */,
			);
			runOnlyForDeploymentPostprocessing = 0;
		};
/* End PBXSourcesBuildPhase section */

/* Begin PBXTargetDependency section */
		07460EDF1AD1677D004933C0 /* PBXTargetDependency */ = {
			isa = PBXTargetDependency;
			target = 07CBE7B61AA104FE00228BE9 /* Slam */;
			targetProxy = 07460EDE1AD1677D004933C0 /* PBXContainerItemProxy */;
		};
/* End PBXTargetDependency section */

/* Begin PBXVariantGroup section */
		6C4E1CA11AA60C9E0099DE4C /* LaunchScreen.xib */ = {
			isa = PBXVariantGroup;
			children = (
				6C4E1CA21AA60C9E0099DE4C /* Base */,
			);
			name = LaunchScreen.xib;
			sourceTree = "<group>";
		};
		6C4E1CAE1AA60DA60099DE4C /* Main.storyboard */ = {
			isa = PBXVariantGroup;
			children = (
				6C4E1CAF1AA60DA60099DE4C /* Base */,
			);
			name = Main.storyboard;
			sourceTree = "<group>";
		};
/* End PBXVariantGroup section */

/* Begin XCBuildConfiguration section */
		07CBE7D41AA104FE00228BE9 /* Debug */ = {
			isa = XCBuildConfiguration;
			buildSettings = {
				ALWAYS_SEARCH_USER_PATHS = NO;
				CLANG_CXX_LANGUAGE_STANDARD = "gnu++0x";
				CLANG_CXX_LIBRARY = "libc++";
				CLANG_ENABLE_MODULES = YES;
				CLANG_ENABLE_OBJC_ARC = YES;
				CLANG_WARN_BOOL_CONVERSION = YES;
				CLANG_WARN_CONSTANT_CONVERSION = YES;
				CLANG_WARN_DIRECT_OBJC_ISA_USAGE = YES_ERROR;
				CLANG_WARN_EMPTY_BODY = YES;
				CLANG_WARN_ENUM_CONVERSION = YES;
				CLANG_WARN_INFINITE_RECURSION = YES;
				CLANG_WARN_INT_CONVERSION = YES;
				CLANG_WARN_OBJC_ROOT_CLASS = YES_ERROR;
				CLANG_WARN_SUSPICIOUS_MOVE = YES;
				CLANG_WARN_UNREACHABLE_CODE = YES;
				CLANG_WARN__DUPLICATE_METHOD_MATCH = YES;
				"CODE_SIGN_IDENTITY[sdk=iphoneos*]" = "iPhone Developer";
				COPY_PHASE_STRIP = NO;
				ENABLE_STRICT_OBJC_MSGSEND = YES;
				ENABLE_TESTABILITY = YES;
				GCC_C_LANGUAGE_STANDARD = gnu99;
				GCC_DYNAMIC_NO_PIC = NO;
				GCC_NO_COMMON_BLOCKS = YES;
				GCC_OPTIMIZATION_LEVEL = 0;
				GCC_PREPROCESSOR_DEFINITIONS = (
					"DEBUG=1",
					"$(inherited)",
				);
				GCC_SYMBOLS_PRIVATE_EXTERN = NO;
				GCC_WARN_64_TO_32_BIT_CONVERSION = YES;
				GCC_WARN_ABOUT_RETURN_TYPE = YES_ERROR;
				GCC_WARN_UNDECLARED_SELECTOR = YES;
				GCC_WARN_UNINITIALIZED_AUTOS = YES_AGGRESSIVE;
				GCC_WARN_UNUSED_FUNCTION = YES;
				GCC_WARN_UNUSED_VARIABLE = YES;
				IPHONEOS_DEPLOYMENT_TARGET = 8.1;
				MTL_ENABLE_DEBUG_INFO = YES;
				ONLY_ACTIVE_ARCH = YES;
				SDKROOT = iphoneos;
				SWIFT_OPTIMIZATION_LEVEL = "-Onone";
				TARGETED_DEVICE_FAMILY = "1,2";
			};
			name = Debug;
		};
		07CBE7D51AA104FE00228BE9 /* Release */ = {
			isa = XCBuildConfiguration;
			buildSettings = {
				ALWAYS_SEARCH_USER_PATHS = NO;
				CLANG_CXX_LANGUAGE_STANDARD = "gnu++0x";
				CLANG_CXX_LIBRARY = "libc++";
				CLANG_ENABLE_MODULES = YES;
				CLANG_ENABLE_OBJC_ARC = YES;
				CLANG_WARN_BOOL_CONVERSION = YES;
				CLANG_WARN_CONSTANT_CONVERSION = YES;
				CLANG_WARN_DIRECT_OBJC_ISA_USAGE = YES_ERROR;
				CLANG_WARN_EMPTY_BODY = YES;
				CLANG_WARN_ENUM_CONVERSION = YES;
				CLANG_WARN_INFINITE_RECURSION = YES;
				CLANG_WARN_INT_CONVERSION = YES;
				CLANG_WARN_OBJC_ROOT_CLASS = YES_ERROR;
				CLANG_WARN_SUSPICIOUS_MOVE = YES;
				CLANG_WARN_UNREACHABLE_CODE = YES;
				CLANG_WARN__DUPLICATE_METHOD_MATCH = YES;
				"CODE_SIGN_IDENTITY[sdk=iphoneos*]" = "iPhone Developer";
				COPY_PHASE_STRIP = YES;
				ENABLE_NS_ASSERTIONS = NO;
				ENABLE_STRICT_OBJC_MSGSEND = YES;
				GCC_C_LANGUAGE_STANDARD = gnu99;
				GCC_NO_COMMON_BLOCKS = YES;
				GCC_WARN_64_TO_32_BIT_CONVERSION = YES;
				GCC_WARN_ABOUT_RETURN_TYPE = YES_ERROR;
				GCC_WARN_UNDECLARED_SELECTOR = YES;
				GCC_WARN_UNINITIALIZED_AUTOS = YES_AGGRESSIVE;
				GCC_WARN_UNUSED_FUNCTION = YES;
				GCC_WARN_UNUSED_VARIABLE = YES;
				IPHONEOS_DEPLOYMENT_TARGET = 8.1;
				MTL_ENABLE_DEBUG_INFO = NO;
				SDKROOT = iphoneos;
				SWIFT_OPTIMIZATION_LEVEL = "-Owholemodule";
				TARGETED_DEVICE_FAMILY = "1,2";
				VALIDATE_PRODUCT = YES;
			};
			name = Release;
		};
		07CBE7D71AA104FE00228BE9 /* Debug */ = {
			isa = XCBuildConfiguration;
			buildSettings = {
				ASSETCATALOG_COMPILER_APPICON_NAME = AppIcon;
				INFOPLIST_FILE = Slam/Info.plist;
				LD_RUNPATH_SEARCH_PATHS = "$(inherited) @executable_path/Frameworks";
				PRODUCT_BUNDLE_IDENTIFIER = "com.8thlight.$(PRODUCT_NAME:rfc1034identifier)";
				PRODUCT_NAME = "$(TARGET_NAME)";
				SWIFT_VERSION = 3.0;
			};
			name = Debug;
		};
		07CBE7D81AA104FE00228BE9 /* Release */ = {
			isa = XCBuildConfiguration;
			buildSettings = {
				ASSETCATALOG_COMPILER_APPICON_NAME = AppIcon;
				INFOPLIST_FILE = Slam/Info.plist;
				LD_RUNPATH_SEARCH_PATHS = "$(inherited) @executable_path/Frameworks";
				PRODUCT_BUNDLE_IDENTIFIER = "com.8thlight.$(PRODUCT_NAME:rfc1034identifier)";
				PRODUCT_NAME = "$(TARGET_NAME)";
				SWIFT_VERSION = 3.0;
			};
			name = Release;
		};
		07CBE7DA1AA104FE00228BE9 /* Debug */ = {
			isa = XCBuildConfiguration;
			baseConfigurationReference = 307A67E207764DB829D3BD73 /* Pods-SlamTests.debug.xcconfig */;
			buildSettings = {
				ALWAYS_EMBED_SWIFT_STANDARD_LIBRARIES = YES;
				BUNDLE_LOADER = "$(TEST_HOST)";
				FRAMEWORK_SEARCH_PATHS = (
					"$(SDKROOT)/Developer/Library/Frameworks",
					"$(inherited)",
				);
				GCC_PREPROCESSOR_DEFINITIONS = (
					"DEBUG=1",
					"$(inherited)",
				);
				INFOPLIST_FILE = SlamTests/Info.plist;
				LD_RUNPATH_SEARCH_PATHS = "$(inherited) @executable_path/Frameworks @loader_path/Frameworks";
				PRODUCT_BUNDLE_IDENTIFIER = "com.8thlight.$(PRODUCT_NAME:rfc1034identifier)";
				PRODUCT_NAME = "$(TARGET_NAME)";
				SWIFT_VERSION = 3.0;
				TEST_HOST = "$(BUILT_PRODUCTS_DIR)/Slam.app/Slam";
			};
			name = Debug;
		};
		07CBE7DB1AA104FE00228BE9 /* Release */ = {
			isa = XCBuildConfiguration;
			baseConfigurationReference = 77C6A7C866D64FC9EA6E9399 /* Pods-SlamTests.release.xcconfig */;
			buildSettings = {
				ALWAYS_EMBED_SWIFT_STANDARD_LIBRARIES = YES;
				BUNDLE_LOADER = "$(TEST_HOST)";
				FRAMEWORK_SEARCH_PATHS = (
					"$(SDKROOT)/Developer/Library/Frameworks",
					"$(inherited)",
				);
				INFOPLIST_FILE = SlamTests/Info.plist;
				LD_RUNPATH_SEARCH_PATHS = "$(inherited) @executable_path/Frameworks @loader_path/Frameworks";
				PRODUCT_BUNDLE_IDENTIFIER = "com.8thlight.$(PRODUCT_NAME:rfc1034identifier)";
				PRODUCT_NAME = "$(TARGET_NAME)";
				SWIFT_VERSION = 3.0;
				TEST_HOST = "$(BUILT_PRODUCTS_DIR)/Slam.app/Slam";
			};
			name = Release;
		};
/* End XCBuildConfiguration section */

/* Begin XCConfigurationList section */
		07CBE7B21AA104FE00228BE9 /* Build configuration list for PBXProject "Slam" */ = {
			isa = XCConfigurationList;
			buildConfigurations = (
				07CBE7D41AA104FE00228BE9 /* Debug */,
				07CBE7D51AA104FE00228BE9 /* Release */,
			);
			defaultConfigurationIsVisible = 0;
			defaultConfigurationName = Release;
		};
		07CBE7D61AA104FE00228BE9 /* Build configuration list for PBXNativeTarget "Slam" */ = {
			isa = XCConfigurationList;
			buildConfigurations = (
				07CBE7D71AA104FE00228BE9 /* Debug */,
				07CBE7D81AA104FE00228BE9 /* Release */,
			);
			defaultConfigurationIsVisible = 0;
			defaultConfigurationName = Release;
		};
		07CBE7D91AA104FE00228BE9 /* Build configuration list for PBXNativeTarget "SlamTests" */ = {
			isa = XCConfigurationList;
			buildConfigurations = (
				07CBE7DA1AA104FE00228BE9 /* Debug */,
				07CBE7DB1AA104FE00228BE9 /* Release */,
			);
			defaultConfigurationIsVisible = 0;
			defaultConfigurationName = Release;
		};
/* End XCConfigurationList section */
	};
	rootObject = 07CBE7AF1AA104FE00228BE9 /* Project object */;
}
